
Microsoft Visual Studio Solution File, Format Version 12.00
# Visual Studio Version 16
VisualStudioVersion = 16.0.29613.14
MinimumVisualStudioVersion = 10.0.40219.1
Project("{9A19103F-16F7-4668-BE54-9A1E7A4F7556}") = "TaskManager", "TaskManager\TaskManager.csproj", "{6F3E853D-7F0C-4CE8-9971-65ABEC5240FD}"
EndProject
Project("{9A19103F-16F7-4668-BE54-9A1E7A4F7556}") = "TaskManager.Tests", "TaskManager.Tests\TaskManager.Tests.csproj", "{BEAAEA31-F43A-44CE-AAEA-CC28B2F431B2}"
EndProject
Project("{2150E333-8FDC-42A3-9474-1A3956D46DE8}") = "TaskManager", "TaskManager", "{8B63A7FB-B601-46FF-BA4F-EAD3E8040F29}"
EndProject
Project("{2150E333-8FDC-42A3-9474-1A3956D46DE8}") = "Auth", "Auth", "{F710E062-9D5D-4ED6-A7A1-E107F459A1AA}"
EndProject
Project("{9A19103F-16F7-4668-BE54-9A1E7A4F7556}") = "AuthService", "AuthService\AuthService.csproj", "{C84D9760-7C3C-465A-9976-BE3B2E04CEDE}"
EndProject
Project("{E53339B2-1760-4266-BCC7-CA923CBCF16C}") = "docker-compose", "docker-compose.dcproj", "{8120214F-F85E-4C42-835C-70272F17034F}"
EndProject
Global
	GlobalSection(SolutionConfigurationPlatforms) = preSolution
		Debug|Any CPU = Debug|Any CPU
		Release|Any CPU = Release|Any CPU
	EndGlobalSection
	GlobalSection(ProjectConfigurationPlatforms) = postSolution
		{6F3E853D-7F0C-4CE8-9971-65ABEC5240FD}.Debug|Any CPU.ActiveCfg = Debug|Any CPU
		{6F3E853D-7F0C-4CE8-9971-65ABEC5240FD}.Debug|Any CPU.Build.0 = Debug|Any CPU
		{6F3E853D-7F0C-4CE8-9971-65ABEC5240FD}.Release|Any CPU.ActiveCfg = Release|Any CPU
		{6F3E853D-7F0C-4CE8-9971-65ABEC5240FD}.Release|Any CPU.Build.0 = Release|Any CPU
		{BEAAEA31-F43A-44CE-AAEA-CC28B2F431B2}.Debug|Any CPU.ActiveCfg = Debug|Any CPU
		{BEAAEA31-F43A-44CE-AAEA-CC28B2F431B2}.Debug|Any CPU.Build.0 = Debug|Any CPU
		{BEAAEA31-F43A-44CE-AAEA-CC28B2F431B2}.Release|Any CPU.ActiveCfg = Release|Any CPU
		{BEAAEA31-F43A-44CE-AAEA-CC28B2F431B2}.Release|Any CPU.Build.0 = Release|Any CPU
		{C84D9760-7C3C-465A-9976-BE3B2E04CEDE}.Debug|Any CPU.ActiveCfg = Debug|Any CPU
		{C84D9760-7C3C-465A-9976-BE3B2E04CEDE}.Debug|Any CPU.Build.0 = Debug|Any CPU
		{C84D9760-7C3C-465A-9976-BE3B2E04CEDE}.Release|Any CPU.ActiveCfg = Release|Any CPU
		{C84D9760-7C3C-465A-9976-BE3B2E04CEDE}.Release|Any CPU.Build.0 = Release|Any CPU
		{8120214F-F85E-4C42-835C-70272F17034F}.Debug|Any CPU.ActiveCfg = Debug|Any CPU
		{8120214F-F85E-4C42-835C-70272F17034F}.Debug|Any CPU.Build.0 = Debug|Any CPU
		{8120214F-F85E-4C42-835C-70272F17034F}.Release|Any CPU.ActiveCfg = Release|Any CPU
		{8120214F-F85E-4C42-835C-70272F17034F}.Release|Any CPU.Build.0 = Release|Any CPU
	EndGlobalSection
	GlobalSection(SolutionProperties) = preSolution
		HideSolutionNode = FALSE
	EndGlobalSection
	GlobalSection(NestedProjects) = preSolution
		{6F3E853D-7F0C-4CE8-9971-65ABEC5240FD} = {8B63A7FB-B601-46FF-BA4F-EAD3E8040F29}
		{BEAAEA31-F43A-44CE-AAEA-CC28B2F431B2} = {8B63A7FB-B601-46FF-BA4F-EAD3E8040F29}
		{C84D9760-7C3C-465A-9976-BE3B2E04CEDE} = {F710E062-9D5D-4ED6-A7A1-E107F459A1AA}
	EndGlobalSection
	GlobalSection(ExtensibilityGlobals) = postSolution
		SolutionGuid = {0E883DD8-DEFC-4A26-9922-2BDBE582BB5C}
	EndGlobalSection
EndGlobal
